
Microsoft Visual Studio Solution File, Format Version 12.00
Project("{FAE04EC0-301F-11D3-BF4B-00C04F79EFBC}") = "diario-libruso", "diario-libruso.csproj", "{8B07BFB4-F978-46E9-8EE7-5C82E0F4583F}"
EndProject
Global
	GlobalSection(SolutionConfigurationPlatforms) = preSolution
		Debug|Any CPU = Debug|Any CPU
		Release|Any CPU = Release|Any CPU
	EndGlobalSection
	GlobalSection(ProjectConfigurationPlatforms) = postSolution
		{8B07BFB4-F978-46E9-8EE7-5C82E0F4583F}.Debug|Any CPU.ActiveCfg = Debug|Any CPU
		{8B07BFB4-F978-46E9-8EE7-5C82E0F4583F}.Debug|Any CPU.Build.0 = Debug|Any CPU
		{8B07BFB4-F978-46E9-8EE7-5C82E0F4583F}.Release|Any CPU.ActiveCfg = Release|Any CPU
		{8B07BFB4-F978-46E9-8EE7-5C82E0F4583F}.Release|Any CPU.Build.0 = Release|Any CPU
	EndGlobalSection
EndGlobal
